
Microsoft Visual Studio Solution File, Format Version 12.00
# Visual Studio 15
VisualStudioVersion = 15.0.27130.2027
MinimumVisualStudioVersion = 10.0.40219.1
Project("{FAE04EC0-301F-11D3-BF4B-00C04F79EFBC}") = "Greeting card", "Greeting card\Greeting card.csproj", "{4161B07F-6FF3-4280-B228-131A4258907B}"
EndProject
Global
	GlobalSection(SolutionConfigurationPlatforms) = preSolution
		Debug|Any CPU = Debug|Any CPU
		Release|Any CPU = Release|Any CPU
	EndGlobalSection
	GlobalSection(ProjectConfigurationPlatforms) = postSolution
		{4161B07F-6FF3-4280-B228-131A4258907B}.Debug|Any CPU.ActiveCfg = Debug|Any CPU
		{4161B07F-6FF3-4280-B228-131A4258907B}.Debug|Any CPU.Build.0 = Debug|Any CPU
		{4161B07F-6FF3-4280-B228-131A4258907B}.Release|Any CPU.ActiveCfg = Release|Any CPU
		{4161B07F-6FF3-4280-B228-131A4258907B}.Release|Any CPU.Build.0 = Release|Any CPU
	EndGlobalSection
	GlobalSection(SolutionProperties) = preSolution
		HideSolutionNode = FALSE
	EndGlobalSection
	GlobalSection(ExtensibilityGlobals) = postSolution
		SolutionGuid = {31F0591E-FA61-4C3A-9485-BD17256289AD}
	EndGlobalSection
EndGlobal
